{
  "name": "rebalancing",
  "lockfileVersion": 2,
  "requires": true,
  "packages": {
    "": {
      "dependencies": {
        "ccxt": "^1.85.91",
        "dotenv": "^16.0.1"
      }
    },
    "node_modules/ccxt": {
      "version": "1.85.91",
      "resolved": "https://registry.npmjs.org/ccxt/-/ccxt-1.85.91.tgz",
      "integrity": "sha512-AVhthX6WfSOdQr74FRznThVV9s47TpRwbGm6jdekRkkWb+pcO5jYk6l2rleBZeymTKAbUXt4pdocJwNufgG64Q==",
      "hasInstallScript": true,
      "engines": {
        "node": ">=10.4.0"
      }
    },
    "node_modules/dotenv": {
      "version": "16.0.1",
      "resolved": "https://registry.npmjs.org/dotenv/-/dotenv-16.0.1.tgz",
      "integrity": "sha512-1K6hR6wtk2FviQ4kEiSjFiH5rpzEVi8WW0x96aztHVMhEspNpc4DVOUTEHtEva5VThQ8IaBX1Pe4gSzpVVUsKQ==",
      "engines": {
        "node": ">=12"
      }
    }
  },
  "dependencies": {
    "ccxt": {
      "version": "1.85.91",
      "resolved": "https://registry.npmjs.org/ccxt/-/ccxt-1.85.91.tgz",
      "integrity": "sha512-AVhthX6WfSOdQr74FRznThVV9s47TpRwbGm6jdekRkkWb+pcO5jYk6l2rleBZeymTKAbUXt4pdocJwNufgG64Q=="
    },
    "dotenv": {
      "version": "16.0.1",
      "resolved": "https://registry.npmjs.org/dotenv/-/dotenv-16.0.1.tgz",
      "integrity": "sha512-1K6hR6wtk2FviQ4kEiSjFiH5rpzEVi8WW0x96aztHVMhEspNpc4DVOUTEHtEva5VThQ8IaBX1Pe4gSzpVVUsKQ=="
    }
  }
}
